
Microsoft Visual Studio Solution File, Format Version 12.00
# Visual Studio Version 16
VisualStudioVersion = 16.0.29424.173
MinimumVisualStudioVersion = 15.0.26124.0
Project("{E53339B2-1760-4266-BCC7-CA923CBCF16C}") = "docker-compose", "docker-compose.dcproj", "{F817047F-018D-4F93-BDA5-58602073B634}"
EndProject
Project("{2150E333-8FDC-42A3-9474-1A3956D46DE8}") = "src", "src", "{7879022D-FDE4-464A-B44F-8FBB9418F4DC}"
EndProject
Project("{FAE04EC0-301F-11D3-BF4B-00C04F79EFBC}") = "MyProject.Admin", "src\MyProject.Admin\MyProject.Admin.csproj", "{5A8D6263-7852-4447-BA6C-002BD1A22FF6}"
EndProject
Project("{FAE04EC0-301F-11D3-BF4B-00C04F79EFBC}") = "MyProject.STS.Identity", "src\MyProject.STS.Identity\MyProject.STS.Identity.csproj", "{1BCB1A38-81FC-48EF-A981-1CC5BCFDFD28}"
EndProject
Project("{FAE04EC0-301F-11D3-BF4B-00C04F79EFBC}") = "MyProject.Admin.Api", "src\MyProject.Admin.Api\MyProject.Admin.Api.csproj", "{F7016410-99DC-46E5-86C9-256908B28FDF}"
EndProject
Project("{FAE04EC0-301F-11D3-BF4B-00C04F79EFBC}") = "MyProject.Admin.EntityFramework.Shared", "src\MyProject.Admin.EntityFramework.Shared\MyProject.Admin.EntityFramework.Shared.csproj", "{B3A0BF12-A0F7-4ABC-B65D-9AA34987A1D7}"
EndProject
Project("{FAE04EC0-301F-11D3-BF4B-00C04F79EFBC}") = "MyProject.Admin.EntityFramework.MySql", "src\MyProject.Admin.EntityFramework.MySql\MyProject.Admin.EntityFramework.MySql.csproj", "{B00A60AA-7A23-4202-B985-F33DB868B177}"
EndProject
Project("{FAE04EC0-301F-11D3-BF4B-00C04F79EFBC}") = "MyProject.Admin.EntityFramework.PostgreSQL", "src\MyProject.Admin.EntityFramework.PostgreSQL\MyProject.Admin.EntityFramework.PostgreSQL.csproj", "{A9943959-437B-4249-9011-096AD14EDD56}"
EndProject
Project("{FAE04EC0-301F-11D3-BF4B-00C04F79EFBC}") = "MyProject.Admin.EntityFramework.SqlServer", "src\MyProject.Admin.EntityFramework.SqlServer\MyProject.Admin.EntityFramework.SqlServer.csproj", "{FBEFCB40-AC65-42E6-B476-DD2D6558AF35}"
EndProject
Project("{FAE04EC0-301F-11D3-BF4B-00C04F79EFBC}") = "MyProject.Shared", "src\MyProject.Shared\MyProject.Shared.csproj", "{032AE4EC-A59B-428C-830B-E86FEAC46B0A}"
EndProject
Global
	GlobalSection(SolutionConfigurationPlatforms) = preSolution
		Debug|Any CPU = Debug|Any CPU
		Debug|x64 = Debug|x64
		Debug|x86 = Debug|x86
		Release|Any CPU = Release|Any CPU
		Release|x64 = Release|x64
		Release|x86 = Release|x86
	EndGlobalSection
	GlobalSection(ProjectConfigurationPlatforms) = postSolution
		{F817047F-018D-4F93-BDA5-58602073B634}.Debug|Any CPU.ActiveCfg = Debug|Any CPU
		{F817047F-018D-4F93-BDA5-58602073B634}.Debug|Any CPU.Build.0 = Debug|Any CPU
		{F817047F-018D-4F93-BDA5-58602073B634}.Debug|x64.ActiveCfg = Debug|Any CPU
		{F817047F-018D-4F93-BDA5-58602073B634}.Debug|x64.Build.0 = Debug|Any CPU
		{F817047F-018D-4F93-BDA5-58602073B634}.Debug|x86.ActiveCfg = Debug|Any CPU
		{F817047F-018D-4F93-BDA5-58602073B634}.Debug|x86.Build.0 = Debug|Any CPU
		{F817047F-018D-4F93-BDA5-58602073B634}.Release|Any CPU.ActiveCfg = Release|Any CPU
		{F817047F-018D-4F93-BDA5-58602073B634}.Release|Any CPU.Build.0 = Release|Any CPU
		{F817047F-018D-4F93-BDA5-58602073B634}.Release|x64.ActiveCfg = Release|Any CPU
		{F817047F-018D-4F93-BDA5-58602073B634}.Release|x64.Build.0 = Release|Any CPU
		{F817047F-018D-4F93-BDA5-58602073B634}.Release|x86.ActiveCfg = Release|Any CPU
		{F817047F-018D-4F93-BDA5-58602073B634}.Release|x86.Build.0 = Release|Any CPU
		{5A8D6263-7852-4447-BA6C-002BD1A22FF6}.Debug|Any CPU.ActiveCfg = Debug|Any CPU
		{5A8D6263-7852-4447-BA6C-002BD1A22FF6}.Debug|Any CPU.Build.0 = Debug|Any CPU
		{5A8D6263-7852-4447-BA6C-002BD1A22FF6}.Debug|x64.ActiveCfg = Debug|Any CPU
		{5A8D6263-7852-4447-BA6C-002BD1A22FF6}.Debug|x64.Build.0 = Debug|Any CPU
		{5A8D6263-7852-4447-BA6C-002BD1A22FF6}.Debug|x86.ActiveCfg = Debug|Any CPU
		{5A8D6263-7852-4447-BA6C-002BD1A22FF6}.Debug|x86.Build.0 = Debug|Any CPU
		{5A8D6263-7852-4447-BA6C-002BD1A22FF6}.Release|Any CPU.ActiveCfg = Release|Any CPU
		{5A8D6263-7852-4447-BA6C-002BD1A22FF6}.Release|Any CPU.Build.0 = Release|Any CPU
		{5A8D6263-7852-4447-BA6C-002BD1A22FF6}.Release|x64.ActiveCfg = Release|Any CPU
		{5A8D6263-7852-4447-BA6C-002BD1A22FF6}.Release|x64.Build.0 = Release|Any CPU
		{5A8D6263-7852-4447-BA6C-002BD1A22FF6}.Release|x86.ActiveCfg = Release|Any CPU
		{5A8D6263-7852-4447-BA6C-002BD1A22FF6}.Release|x86.Build.0 = Release|Any CPU
		{1BCB1A38-81FC-48EF-A981-1CC5BCFDFD28}.Debug|Any CPU.ActiveCfg = Debug|Any CPU
		{1BCB1A38-81FC-48EF-A981-1CC5BCFDFD28}.Debug|Any CPU.Build.0 = Debug|Any CPU
		{1BCB1A38-81FC-48EF-A981-1CC5BCFDFD28}.Debug|x64.ActiveCfg = Debug|Any CPU
		{1BCB1A38-81FC-48EF-A981-1CC5BCFDFD28}.Debug|x64.Build.0 = Debug|Any CPU
		{1BCB1A38-81FC-48EF-A981-1CC5BCFDFD28}.Debug|x86.ActiveCfg = Debug|Any CPU
		{1BCB1A38-81FC-48EF-A981-1CC5BCFDFD28}.Debug|x86.Build.0 = Debug|Any CPU
		{1BCB1A38-81FC-48EF-A981-1CC5BCFDFD28}.Release|Any CPU.ActiveCfg = Release|Any CPU
		{1BCB1A38-81FC-48EF-A981-1CC5BCFDFD28}.Release|Any CPU.Build.0 = Release|Any CPU
		{1BCB1A38-81FC-48EF-A981-1CC5BCFDFD28}.Release|x64.ActiveCfg = Release|Any CPU
		{1BCB1A38-81FC-48EF-A981-1CC5BCFDFD28}.Release|x64.Build.0 = Release|Any CPU
		{1BCB1A38-81FC-48EF-A981-1CC5BCFDFD28}.Release|x86.ActiveCfg = Release|Any CPU
		{1BCB1A38-81FC-48EF-A981-1CC5BCFDFD28}.Release|x86.Build.0 = Release|Any CPU
		{F7016410-99DC-46E5-86C9-256908B28FDF}.Debug|Any CPU.ActiveCfg = Debug|Any CPU
		{F7016410-99DC-46E5-86C9-256908B28FDF}.Debug|Any CPU.Build.0 = Debug|Any CPU
		{F7016410-99DC-46E5-86C9-256908B28FDF}.Debug|x64.ActiveCfg = Debug|Any CPU
		{F7016410-99DC-46E5-86C9-256908B28FDF}.Debug|x64.Build.0 = Debug|Any CPU
		{F7016410-99DC-46E5-86C9-256908B28FDF}.Debug|x86.ActiveCfg = Debug|Any CPU
		{F7016410-99DC-46E5-86C9-256908B28FDF}.Debug|x86.Build.0 = Debug|Any CPU
		{F7016410-99DC-46E5-86C9-256908B28FDF}.Release|Any CPU.ActiveCfg = Release|Any CPU
		{F7016410-99DC-46E5-86C9-256908B28FDF}.Release|Any CPU.Build.0 = Release|Any CPU
		{F7016410-99DC-46E5-86C9-256908B28FDF}.Release|x64.ActiveCfg = Release|Any CPU
		{F7016410-99DC-46E5-86C9-256908B28FDF}.Release|x64.Build.0 = Release|Any CPU
		{F7016410-99DC-46E5-86C9-256908B28FDF}.Release|x86.ActiveCfg = Release|Any CPU
		{F7016410-99DC-46E5-86C9-256908B28FDF}.Release|x86.Build.0 = Release|Any CPU
		{B3A0BF12-A0F7-4ABC-B65D-9AA34987A1D7}.Debug|Any CPU.ActiveCfg = Debug|Any CPU
		{B3A0BF12-A0F7-4ABC-B65D-9AA34987A1D7}.Debug|Any CPU.Build.0 = Debug|Any CPU
		{B3A0BF12-A0F7-4ABC-B65D-9AA34987A1D7}.Debug|x64.ActiveCfg = Debug|Any CPU
		{B3A0BF12-A0F7-4ABC-B65D-9AA34987A1D7}.Debug|x64.Build.0 = Debug|Any CPU
		{B3A0BF12-A0F7-4ABC-B65D-9AA34987A1D7}.Debug|x86.ActiveCfg = Debug|Any CPU
		{B3A0BF12-A0F7-4ABC-B65D-9AA34987A1D7}.Debug|x86.Build.0 = Debug|Any CPU
		{B3A0BF12-A0F7-4ABC-B65D-9AA34987A1D7}.Release|Any CPU.ActiveCfg = Release|Any CPU
		{B3A0BF12-A0F7-4ABC-B65D-9AA34987A1D7}.Release|Any CPU.Build.0 = Release|Any CPU
		{B3A0BF12-A0F7-4ABC-B65D-9AA34987A1D7}.Release|x64.ActiveCfg = Release|Any CPU
		{B3A0BF12-A0F7-4ABC-B65D-9AA34987A1D7}.Release|x64.Build.0 = Release|Any CPU
		{B3A0BF12-A0F7-4ABC-B65D-9AA34987A1D7}.Release|x86.ActiveCfg = Release|Any CPU
		{B3A0BF12-A0F7-4ABC-B65D-9AA34987A1D7}.Release|x86.Build.0 = Release|Any CPU
		{B00A60AA-7A23-4202-B985-F33DB868B177}.Debug|Any CPU.ActiveCfg = Debug|Any CPU
		{B00A60AA-7A23-4202-B985-F33DB868B177}.Debug|Any CPU.Build.0 = Debug|Any CPU
		{B00A60AA-7A23-4202-B985-F33DB868B177}.Debug|x64.ActiveCfg = Debug|Any CPU
		{B00A60AA-7A23-4202-B985-F33DB868B177}.Debug|x64.Build.0 = Debug|Any CPU
		{B00A60AA-7A23-4202-B985-F33DB868B177}.Debug|x86.ActiveCfg = Debug|Any CPU
		{B00A60AA-7A23-4202-B985-F33DB868B177}.Debug|x86.Build.0 = Debug|Any CPU
		{B00A60AA-7A23-4202-B985-F33DB868B177}.Release|Any CPU.ActiveCfg = Release|Any CPU
		{B00A60AA-7A23-4202-B985-F33DB868B177}.Release|Any CPU.Build.0 = Release|Any CPU
		{B00A60AA-7A23-4202-B985-F33DB868B177}.Release|x64.ActiveCfg = Release|Any CPU
		{B00A60AA-7A23-4202-B985-F33DB868B177}.Release|x64.Build.0 = Release|Any CPU
		{B00A60AA-7A23-4202-B985-F33DB868B177}.Release|x86.ActiveCfg = Release|Any CPU
		{B00A60AA-7A23-4202-B985-F33DB868B177}.Release|x86.Build.0 = Release|Any CPU
		{A9943959-437B-4249-9011-096AD14EDD56}.Debug|Any CPU.ActiveCfg = Debug|Any CPU
		{A9943959-437B-4249-9011-096AD14EDD56}.Debug|Any CPU.Build.0 = Debug|Any CPU
		{A9943959-437B-4249-9011-096AD14EDD56}.Debug|x64.ActiveCfg = Debug|Any CPU
		{A9943959-437B-4249-9011-096AD14EDD56}.Debug|x64.Build.0 = Debug|Any CPU
		{A9943959-437B-4249-9011-096AD14EDD56}.Debug|x86.ActiveCfg = Debug|Any CPU
		{A9943959-437B-4249-9011-096AD14EDD56}.Debug|x86.Build.0 = Debug|Any CPU
		{A9943959-437B-4249-9011-096AD14EDD56}.Release|Any CPU.ActiveCfg = Release|Any CPU
		{A9943959-437B-4249-9011-096AD14EDD56}.Release|Any CPU.Build.0 = Release|Any CPU
		{A9943959-437B-4249-9011-096AD14EDD56}.Release|x64.ActiveCfg = Release|Any CPU
		{A9943959-437B-4249-9011-096AD14EDD56}.Release|x64.Build.0 = Release|Any CPU
		{A9943959-437B-4249-9011-096AD14EDD56}.Release|x86.ActiveCfg = Release|Any CPU
		{A9943959-437B-4249-9011-096AD14EDD56}.Release|x86.Build.0 = Release|Any CPU
		{FBEFCB40-AC65-42E6-B476-DD2D6558AF35}.Debug|Any CPU.ActiveCfg = Debug|Any CPU
		{FBEFCB40-AC65-42E6-B476-DD2D6558AF35}.Debug|Any CPU.Build.0 = Debug|Any CPU
		{FBEFCB40-AC65-42E6-B476-DD2D6558AF35}.Debug|x64.ActiveCfg = Debug|Any CPU
		{FBEFCB40-AC65-42E6-B476-DD2D6558AF35}.Debug|x64.Build.0 = Debug|Any CPU
		{FBEFCB40-AC65-42E6-B476-DD2D6558AF35}.Debug|x86.ActiveCfg = Debug|Any CPU
		{FBEFCB40-AC65-42E6-B476-DD2D6558AF35}.Debug|x86.Build.0 = Debug|Any CPU
		{FBEFCB40-AC65-42E6-B476-DD2D6558AF35}.Release|Any CPU.ActiveCfg = Release|Any CPU
		{FBEFCB40-AC65-42E6-B476-DD2D6558AF35}.Release|Any CPU.Build.0 = Release|Any CPU
		{FBEFCB40-AC65-42E6-B476-DD2D6558AF35}.Release|x64.ActiveCfg = Release|Any CPU
		{FBEFCB40-AC65-42E6-B476-DD2D6558AF35}.Release|x64.Build.0 = Release|Any CPU
		{FBEFCB40-AC65-42E6-B476-DD2D6558AF35}.Release|x86.ActiveCfg = Release|Any CPU
		{FBEFCB40-AC65-42E6-B476-DD2D6558AF35}.Release|x86.Build.0 = Release|Any CPU
		{032AE4EC-A59B-428C-830B-E86FEAC46B0A}.Debug|Any CPU.ActiveCfg = Debug|Any CPU
		{032AE4EC-A59B-428C-830B-E86FEAC46B0A}.Debug|Any CPU.Build.0 = Debug|Any CPU
		{032AE4EC-A59B-428C-830B-E86FEAC46B0A}.Debug|x64.ActiveCfg = Debug|Any CPU
		{032AE4EC-A59B-428C-830B-E86FEAC46B0A}.Debug|x64.Build.0 = Debug|Any CPU
		{032AE4EC-A59B-428C-830B-E86FEAC46B0A}.Debug|x86.ActiveCfg = Debug|Any CPU
		{032AE4EC-A59B-428C-830B-E86FEAC46B0A}.Debug|x86.Build.0 = Debug|Any CPU
		{032AE4EC-A59B-428C-830B-E86FEAC46B0A}.Release|Any CPU.ActiveCfg = Release|Any CPU
		{032AE4EC-A59B-428C-830B-E86FEAC46B0A}.Release|Any CPU.Build.0 = Release|Any CPU
		{032AE4EC-A59B-428C-830B-E86FEAC46B0A}.Release|x64.ActiveCfg = Release|Any CPU
		{032AE4EC-A59B-428C-830B-E86FEAC46B0A}.Release|x64.Build.0 = Release|Any CPU
		{032AE4EC-A59B-428C-830B-E86FEAC46B0A}.Release|x86.ActiveCfg = Release|Any CPU
		{032AE4EC-A59B-428C-830B-E86FEAC46B0A}.Release|x86.Build.0 = Release|Any CPU
	EndGlobalSection
	GlobalSection(SolutionProperties) = preSolution
		HideSolutionNode = FALSE
	EndGlobalSection
	GlobalSection(ExtensibilityGlobals) = postSolution
		SolutionGuid = {549F6BA2-7BF0-4104-9088-47D242078F31}
	EndGlobalSection
	GlobalSection(NestedProjects) = preSolution
		{5A8D6263-7852-4447-BA6C-002BD1A22FF6} = {7879022D-FDE4-464A-B44F-8FBB9418F4DC}
		{1BCB1A38-81FC-48EF-A981-1CC5BCFDFD28} = {7879022D-FDE4-464A-B44F-8FBB9418F4DC}
		{F7016410-99DC-46E5-86C9-256908B28FDF} = {7879022D-FDE4-464A-B44F-8FBB9418F4DC}
		{B3A0BF12-A0F7-4ABC-B65D-9AA34987A1D7} = {7879022D-FDE4-464A-B44F-8FBB9418F4DC}
		{B00A60AA-7A23-4202-B985-F33DB868B177} = {7879022D-FDE4-464A-B44F-8FBB9418F4DC}
		{A9943959-437B-4249-9011-096AD14EDD56} = {7879022D-FDE4-464A-B44F-8FBB9418F4DC}
		{FBEFCB40-AC65-42E6-B476-DD2D6558AF35} = {7879022D-FDE4-464A-B44F-8FBB9418F4DC}
		{032AE4EC-A59B-428C-830B-E86FEAC46B0A} = {7879022D-FDE4-464A-B44F-8FBB9418F4DC}
	EndGlobalSection
EndGlobal
